ROS_SNAPSHOT_DATE=2026-08-07

AMD64_ROS2_CONTROL_VERSION=2.54.0-1jammy.20260804.213423
AMD64_ROS2_CONTROLLERS_VERSION=2.53.3-1jammy.20260804.212633
AMD64_MECANUM_CONTROLLER_VERSION=2.53.3-1jammy.20260804.211244
AMD64_ACKERMANN_CONTROLLER_VERSION=2.53.3-1jammy.20260804.211824
AMD64_FOXGLOVE_BRIDGE_VERSION=3.4.3-2jammy.20260726.140144
AMD64_XACRO_VERSION=2.1.1-1jammy.20260304.195513

ARM64_ROS2_CONTROL_VERSION=2.54.0-1jammy.20260805.082815
ARM64_ROS2_CONTROLLERS_VERSION=2.53.3-1jammy.20260805.002729
ARM64_MECANUM_CONTROLLER_VERSION=2.53.3-1jammy.20260804.235733
ARM64_ACKERMANN_CONTROLLER_VERSION=2.53.3-1jammy.20260805.000825
ARM64_FOXGLOVE_BRIDGE_VERSION=3.4.3-2jammy.20260725.213251
ARM64_XACRO_VERSION=2.1.1-1jammy.20260307.132851
